
Microsoft Visual Studio Solution File, Format Version 12.00
# Visual Studio Version 17
VisualStudioVersion = 17.5.002.0
MinimumVisualStudioVersion = 10.0.40219.1
Project("{9A19103F-16F7-4668-BE54-9A1E7A4F7556}") = "painting", "painting.csproj", "{8F1FFABC-264B-43D5-841D-4FD7ADFA75A6}"
EndProject
Global
	GlobalSection(SolutionConfigurationPlatforms) = preSolution
		Debug|Any CPU = Debug|Any CPU
		Release|Any CPU = Release|Any CPU
	EndGlobalSection
	GlobalSection(ProjectConfigurationPlatforms) = postSolution
		{8F1FFABC-264B-43D5-841D-4FD7ADFA75A6}.Debug|Any CPU.ActiveCfg = Debug|Any CPU
		{8F1FFABC-264B-43D5-841D-4FD7ADFA75A6}.Debug|Any CPU.Build.0 = Debug|Any CPU
		{8F1FFABC-264B-43D5-841D-4FD7ADFA75A6}.Release|Any CPU.ActiveCfg = Release|Any CPU
		{8F1FFABC-264B-43D5-841D-4FD7ADFA75A6}.Release|Any CPU.Build.0 = Release|Any CPU
	EndGlobalSection
	GlobalSection(SolutionProperties) = preSolution
		HideSolutionNode = FALSE
	EndGlobalSection
	GlobalSection(ExtensibilityGlobals) = postSolution
		SolutionGuid = {E4015E74-E709-468F-BBF9-F1A9394EC9B0}
	EndGlobalSection
EndGlobal
